
Microsoft Visual Studio Solution File, Format Version 12.00
# Visual Studio Version 17
VisualStudioVersion = 17.11.35017.193
MinimumVisualStudioVersion = 10.0.40219.1
Project("{9A19103F-16F7-4668-BE54-9A1E7A4F7556}") = "Bloxstrap.Services", "Bloxstrap.Services\Bloxstrap.Services.csproj", "{4B5EB5B0-2834-4F17-8698-840892FD58BA}"
EndProject
Project("{E53339B2-1760-4266-BCC7-CA923CBCF16C}") = "docker-compose", "docker-compose.dcproj", "{C6C29FB9-2164-4806-92B2-E44B408EA94F}"
EndProject
Global
	GlobalSection(SolutionConfigurationPlatforms) = preSolution
		Debug|Any CPU = Debug|Any CPU
		Release|Any CPU = Release|Any CPU
	EndGlobalSection
	GlobalSection(ProjectConfigurationPlatforms) = postSolution
		{4B5EB5B0-2834-4F17-8698-840892FD58BA}.Debug|Any CPU.ActiveCfg = Debug|Any CPU
		{4B5EB5B0-2834-4F17-8698-840892FD58BA}.Debug|Any CPU.Build.0 = Debug|Any CPU
		{4B5EB5B0-2834-4F17-8698-840892FD58BA}.Release|Any CPU.ActiveCfg = Release|Any CPU
		{4B5EB5B0-2834-4F17-8698-840892FD58BA}.Release|Any CPU.Build.0 = Release|Any CPU
		{C6C29FB9-2164-4806-92B2-E44B408EA94F}.Debug|Any CPU.ActiveCfg = Debug|Any CPU
		{C6C29FB9-2164-4806-92B2-E44B408EA94F}.Debug|Any CPU.Build.0 = Debug|Any CPU
		{C6C29FB9-2164-4806-92B2-E44B408EA94F}.Release|Any CPU.ActiveCfg = Release|Any CPU
		{C6C29FB9-2164-4806-92B2-E44B408EA94F}.Release|Any CPU.Build.0 = Release|Any CPU
	EndGlobalSection
	GlobalSection(SolutionProperties) = preSolution
		HideSolutionNode = FALSE
	EndGlobalSection
	GlobalSection(ExtensibilityGlobals) = postSolution
		SolutionGuid = {3815ED50-5E37-41D2-B3B6-52411ACC039F}
	EndGlobalSection
EndGlobal
